
Microsoft Visual Studio Solution File, Format Version 12.00
# Visual Studio Version 16
VisualStudioVersion = 16.0.29409.12
MinimumVisualStudioVersion = 10.0.40219.1
Project("{FAE04EC0-301F-11D3-BF4B-00C04F79EFBC}") = "8_8_AnotherInteractionTest", "8_8_AnotherInteractionTest\8_8_AnotherInteractionTest.csproj", "{9FA01811-C452-49FA-B44F-61E536053549}"
EndProject
Project("{FAE04EC0-301F-11D3-BF4B-00C04F79EFBC}") = "TestNinja.UnitTests", "TestNinja.UnitTests\TestNinja.UnitTests.csproj", "{9B6C486E-8FAA-4CA8-A3F8-F3BFF257BA71}"
EndProject
Global
	GlobalSection(SolutionConfigurationPlatforms) = preSolution
		Debug|Any CPU = Debug|Any CPU
		Release|Any CPU = Release|Any CPU
	EndGlobalSection
	GlobalSection(ProjectConfigurationPlatforms) = postSolution
		{9FA01811-C452-49FA-B44F-61E536053549}.Debug|Any CPU.ActiveCfg = Debug|Any CPU
		{9FA01811-C452-49FA-B44F-61E536053549}.Debug|Any CPU.Build.0 = Debug|Any CPU
		{9FA01811-C452-49FA-B44F-61E536053549}.Release|Any CPU.ActiveCfg = Release|Any CPU
		{9FA01811-C452-49FA-B44F-61E536053549}.Release|Any CPU.Build.0 = Release|Any CPU
		{9B6C486E-8FAA-4CA8-A3F8-F3BFF257BA71}.Debug|Any CPU.ActiveCfg = Debug|Any CPU
		{9B6C486E-8FAA-4CA8-A3F8-F3BFF257BA71}.Debug|Any CPU.Build.0 = Debug|Any CPU
		{9B6C486E-8FAA-4CA8-A3F8-F3BFF257BA71}.Release|Any CPU.ActiveCfg = Release|Any CPU
		{9B6C486E-8FAA-4CA8-A3F8-F3BFF257BA71}.Release|Any CPU.Build.0 = Release|Any CPU
	EndGlobalSection
	GlobalSection(SolutionProperties) = preSolution
		HideSolutionNode = FALSE
	EndGlobalSection
	GlobalSection(ExtensibilityGlobals) = postSolution
		SolutionGuid = {F2BF9101-81D0-4C99-9D67-4214F072D6EF}
	EndGlobalSection
EndGlobal
